{
  "version": 4,
  "terraform_version": "1.1.2",
  "serial": 8,
  "lineage": "b45b6ec7-303a-e75e-4250-dc3b7f684ab7",
  "outputs": {},
  "resources": [
    {
      "mode": "data",
      "type": "google_compute_image",
      "name": "centos_image",
      "provider": "provider[\"registry.terraform.io/hashicorp/google\"]",
      "instances": [
        {
          "schema_version": 0,
          "attributes": {
            "archive_size_bytes": 2493345024,
            "creation_timestamp": "2021-12-14T11:49:41.299-08:00",
            "description": "CentOS, CentOS, 7, x86_64 built on , supports Shielded VM features",
            "disk_size_gb": 20,
            "family": "centos-7",
            "filter": null,
            "id": "projects/centos-cloud/global/images/centos-7-v20211214",
            "image_encryption_key_sha256": "",
            "image_id": "5466816767635835835",
            "label_fingerprint": "42WmSpB8rSM=",
            "labels": {},
            "licenses": [
              "https://www.googleapis.com/compute/v1/projects/centos-cloud/global/licenses/centos-7"
            ],
            "name": "centos-7-v20211214",
            "project": "centos-cloud",
            "self_link": "https://www.googleapis.com/compute/v1/projects/centos-cloud/global/images/centos-7-v20211214",
            "source_disk": "",
            "source_disk_encryption_key_sha256": "",
            "source_disk_id": "",
            "source_image_id": "",
            "status": "READY"
          },
          "sensitive_attributes": []
        }
      ]
    },
    {
      "mode": "managed",
      "type": "google_compute_address",
      "name": "static",
      "provider": "provider[\"registry.terraform.io/hashicorp/google\"]",
      "instances": [
        {
          "schema_version": 0,
          "attributes": {
            "address": "34.65.87.38",
            "address_type": "EXTERNAL",
            "creation_timestamp": "2021-12-22T21:24:29.560-08:00",
            "description": "",
            "id": "projects/validators-336005/regions/europe-west6/addresses/ipv4-address",
            "name": "ipv4-address",
            "network": "",
            "network_tier": "PREMIUM",
            "prefix_length": 0,
            "project": "validators-336005",
            "purpose": "",
            "region": "europe-west6",
            "self_link": "https://www.googleapis.com/compute/v1/projects/validators-336005/regions/europe-west6/addresses/ipv4-address",
            "subnetwork": "",
            "timeouts": null,
            "users": []
          },
          "sensitive_attributes": [],
          "private": "eyJlMmJmYjczMC1lY2FhLTExZTYtOGY4OC0zNDM2M2JjN2M0YzAiOnsiY3JlYXRlIjoyNDAwMDAwMDAwMDAsImRlbGV0ZSI6MjQwMDAwMDAwMDAwfX0="
        }
      ]
    },
    {
      "mode": "managed",
      "type": "google_compute_disk",
      "name": "default",
      "provider": "provider[\"registry.terraform.io/hashicorp/google\"]",
      "instances": [
        {
          "schema_version": 0,
          "attributes": {
            "creation_timestamp": "2021-12-22T21:23:24.078-08:00",
            "description": "",
            "disk_encryption_key": [],
            "id": "projects/validators-336005/zones/europe-west6-a/disks/evmos-disk",
            "image": "",
            "label_fingerprint": "42WmSpB8rSM=",
            "labels": {},
            "last_attach_timestamp": "",
            "last_detach_timestamp": "",
            "name": "evmos-disk",
            "physical_block_size_bytes": 4096,
            "project": "validators-336005",
            "provisioned_iops": 0,
            "self_link": "https://www.googleapis.com/compute/v1/projects/validators-336005/zones/europe-west6-a/disks/evmos-disk",
            "size": 200,
            "snapshot": "",
            "source_image_encryption_key": [],
            "source_image_id": "",
            "source_snapshot_encryption_key": [],
            "source_snapshot_id": "",
            "timeouts": null,
            "type": "pd-standard",
            "users": [],
            "zone": "europe-west6-a"
          },
          "sensitive_attributes": [],
          "private": "eyJlMmJmYjczMC1lY2FhLTExZTYtOGY4OC0zNDM2M2JjN2M0YzAiOnsiY3JlYXRlIjozMDAwMDAwMDAwMDAsImRlbGV0ZSI6MjQwMDAwMDAwMDAwLCJ1cGRhdGUiOjI0MDAwMDAwMDAwMH19"
        }
      ]
    }
  ]
}
